{
    "_readme": [
        "This file locks the dependencies of your project to a known state",
        "Read more about it at https://getcomposer.org/doc/01-basic-usage.md#composer-lock-the-lock-file",
        "This file is @generated automatically"
    ],
    "content-hash": "333fd5a1a31ea953174cdf345bf97fba",
    "packages": [],
    "packages-dev": [
        {
            "name": "goma/goma-env",
            "version": "dev-master",
            "source": {
                "type": "git",
                "url": "https://repo.goma-cms.org/scm/goma3/goma-env.git",
                "reference": "9838de512e7c704f02c65e6f30f164f7a3aab984"
            },
            "require": {
                "php": ">=5.5.0"
            },
            "require-dev": {
                "goma/goma-test-core": "dev-master"
            },
            "type": "library",
            "autoload": {
                "psr-4": {
                    "Goma\\ENV\\": "src/"
                },
                "files": [
                    "src/DefineENV.php"
                ]
            },
            "notification-url": "https://packagist.org/downloads/",
            "license": [
                "LGPL-3.0"
            ],
            "authors": [
                {
                    "name": "Goma Team",
                    "email": "team@goma-cms.org"
                }
            ],
            "description": "Goma ENV provides some basic concepts for PHP applications: Constants about FileSystem, central storage directory, cache directory as well as functions to get infos about the current environment.",
            "time": "2017-08-12 08:53:41"
        },
        {
            "name": "goma/goma-test-core",
            "version": "dev-master",
            "source": {
                "type": "git",
                "url": "https://repo.goma-cms.org/scm/goma3/gomatestcore.git",
                "reference": "31cf835ed6851dfa3a7267a5a2d1e09c958dd519"
            },
            "require": {
                "php": ">=5.5.0"
            },
            "type": "library",
            "autoload": {
                "psr-4": {
                    "": "src/"
                }
            },
            "notification-url": "https://packagist.org/downloads/",
            "license": [
                "LGPL-3.0"
            ],
            "authors": [
                {
                    "name": "Goma Team",
                    "email": "team@goma-cms.org"
                }
            ],
            "description": "GomaUnitTest is a wrapper class to support PHP 5 and PHP 7 for tests. In addition it gives some helper asserts.",
            "time": "2017-08-12T07:56:10+00:00"
        }
    ],
    "aliases": [],
    "minimum-stability": "dev",
    "stability-flags": {
        "goma/goma-test-core": 20
    },
    "prefer-stable": false,
    "prefer-lowest": false,
    "platform": {
        "php": ">=5.5.0"
    },
    "platform-dev": []
}
